
Microsoft Visual Studio Solution File, Format Version 12.00
# Visual Studio Version 17
VisualStudioVersion = 17.1.32328.378
MinimumVisualStudioVersion = 10.0.40219.1
Project("{FAE04EC0-301F-11D3-BF4B-00C04F79EFBC}") = "Rivitalo", "Rivitalo\Rivitalo.csproj", "{BFA91A17-8E0F-4491-A68F-4EAEB0563158}"
EndProject
Global
	GlobalSection(SolutionConfigurationPlatforms) = preSolution
		Debug|Any CPU = Debug|Any CPU
		Release|Any CPU = Release|Any CPU
	EndGlobalSection
	GlobalSection(ProjectConfigurationPlatforms) = postSolution
		{BFA91A17-8E0F-4491-A68F-4EAEB0563158}.Debug|Any CPU.ActiveCfg = Debug|Any CPU
		{BFA91A17-8E0F-4491-A68F-4EAEB0563158}.Debug|Any CPU.Build.0 = Debug|Any CPU
		{BFA91A17-8E0F-4491-A68F-4EAEB0563158}.Release|Any CPU.ActiveCfg = Release|Any CPU
		{BFA91A17-8E0F-4491-A68F-4EAEB0563158}.Release|Any CPU.Build.0 = Release|Any CPU
	EndGlobalSection
	GlobalSection(SolutionProperties) = preSolution
		HideSolutionNode = FALSE
	EndGlobalSection
	GlobalSection(ExtensibilityGlobals) = postSolution
		SolutionGuid = {BFB2D1C8-4E5F-4F78-A314-E82820388981}
	EndGlobalSection
EndGlobal
